{
  "name": "rpi-bg",
  "version": "1.0.0",
  "lockfileVersion": 1,
  "requires": true,
  "dependencies": {
    "node-key-sender": {
      "version": "1.0.9",
      "resolved": "https://registry.npmjs.org/node-key-sender/-/node-key-sender-1.0.9.tgz",
      "integrity": "sha1-sUCpfvXlZDATnAoDYqE4VZ49mAU="
    },
    "npm-arch-dependencies": {
      "version": "0.1.0",
      "resolved": "https://registry.npmjs.org/npm-arch-dependencies/-/npm-arch-dependencies-0.1.0.tgz",
      "integrity": "sha1-ZNfKQPusmfvQ0K07vlxsU9CsMdY="
    }
  }
}
